<?xml version="1.0" encoding="utf-8"?>
<Project ToolsVersion="4.0" xmlns="http://schemas.microsoft.com/developer/msbuild/2003">
  <ItemGroup>
    <Filter Include="Input">
      <UniqueIdentifier>{feef196a-406e-4d99-8ac1-429464a17f39}</UniqueIdentifier>
    </Filter>
    <Filter Include="cpp">
      <UniqueIdentifier>{ebd465b1-387c-4813-8ace-200687b837ce}</UniqueIdentifier>
    </Filter>
    <Filter Include="cpp\solutions">
      <UniqueIdentifier>{7ef45f9b-6a8c-4af5-adb7-a857836e9a2f}</UniqueIdentifier>
    </Filter>
  </ItemGroup>
  <ItemGroup>
    <Text Include="Input\day1.txt">
      <Filter>Input</Filter>
    </Text>
    <Text Include="Input\day2.txt">
      <Filter>Input</Filter>
    </Text>
    <Text Include="Input\day3.txt">
      <Filter>Input</Filter>
    </Text>
    <Text Include="Input\day4.txt">
      <Filter>Input</Filter>
    </Text>
    <Text Include="Input\day5.txt">
      <Filter>Input</Filter>
    </Text>
    <Text Include="Input\day6.txt">
      <Filter>Input</Filter>
    </Text>
    <Text Include="Input\day7.txt">
      <Filter>Input</Filter>
    </Text>
  </ItemGroup>
  <ItemGroup>
    <ClCompile Include="aoc_2022.cpp">
      <Filter>cpp</Filter>
    </ClCompile>
    <ClCompile Include="AOC_Solver.cpp">
      <Filter>cpp</Filter>
    </ClCompile>
    <ClCompile Include="day1.cpp">
      <Filter>cpp\solutions</Filter>
    </ClCompile>
    <ClCompile Include="day2.cpp">
      <Filter>cpp\solutions</Filter>
    </ClCompile>
    <ClCompile Include="day3.cpp">
      <Filter>cpp\solutions</Filter>
    </ClCompile>
    <ClCompile Include="day4.cpp">
      <Filter>cpp\solutions</Filter>
    </ClCompile>
    <ClCompile Include="day5.cpp">
      <Filter>cpp\solutions</Filter>
    </ClCompile>
    <ClCompile Include="day6.cpp">
      <Filter>cpp\solutions</Filter>
    </ClCompile>
    <ClCompile Include="day7.cpp">
      <Filter>cpp\solutions</Filter>
    </ClCompile>
  </ItemGroup>
  <ItemGroup>
    <ClInclude Include="AOC_Solver.h">
      <Filter>cpp</Filter>
    </ClInclude>
  </ItemGroup>
</Project>